// !$*UTF8*$!
{
	archiveVersion = 1;
	classes = {
	};
	objectVersion = 60;
	objects = {

/* Begin PBXBuildFile section */
		23C02028CDF24270B1F91BD1 /* MoxymindDemoAppApp.swift in Sources */ = {isa = PBXBuildFile; fileRef = E62DE80888CA42E082465873 /* MoxymindDemoAppApp.swift */; };
		F46E6F01B362421C982C721D /* AppTheme.swift in Sources */ = {isa = PBXBuildFile; fileRef = E33812E0649F4900AB1ABA4C /* AppTheme.swift */; };
		E5113F4B14B94B2BBA0C983D /* AppRootView.swift in Sources */ = {isa = PBXBuildFile; fileRef = 0AB6FF183AB9448E9C96414F /* AppRootView.swift */; };
		AD5216F1859B4C63B8E2267F /* DemoCredentials.swift in Sources */ = {isa = PBXBuildFile; fileRef = A59EB1FFDDB3473F88236257 /* DemoCredentials.swift */; };
		8303B963560D4CFCB2FC1CAA /* TaskItem.swift in Sources */ = {isa = PBXBuildFile; fileRef = 4500564213294AD1B9331022 /* TaskItem.swift */; };
		C6816C128009458B81EEE9B2 /* LoginView.swift in Sources */ = {isa = PBXBuildFile; fileRef = 28AC51E295C642319E96DDC3 /* LoginView.swift */; };
		CE01A2FB0B7342BF9D4083B2 /* TasksView.swift in Sources */ = {isa = PBXBuildFile; fileRef = 393200EF87314DBAB5C95C95 /* TasksView.swift */; };
		A53A68F06D134CEF87647C06 /* TaskDetailView.swift in Sources */ = {isa = PBXBuildFile; fileRef = 8AAC40D9B4B046209D0914FA /* TaskDetailView.swift */; };
/* End PBXBuildFile section */

/* Begin PBXFileReference section */
		4B185A8CFA0649F48C6A1EEB /* MoxymindDemoApp.app */ = {isa = PBXFileReference; explicitFileType = wrapper.application; includeInIndex = 0; path = MoxymindDemoApp.app; sourceTree = BUILT_PRODUCTS_DIR; };
		E62DE80888CA42E082465873 /* MoxymindDemoAppApp.swift */ = {isa = PBXFileReference; lastKnownFileType = sourcecode.swift; path = MoxymindDemoAppApp.swift; sourceTree = "<group>"; };
		E33812E0649F4900AB1ABA4C /* AppTheme.swift */ = {isa = PBXFileReference; lastKnownFileType = sourcecode.swift; path = AppTheme.swift; sourceTree = "<group>"; };
		0AB6FF183AB9448E9C96414F /* AppRootView.swift */ = {isa = PBXFileReference; lastKnownFileType = sourcecode.swift; path = AppRootView.swift; sourceTree = "<group>"; };
		A59EB1FFDDB3473F88236257 /* DemoCredentials.swift */ = {isa = PBXFileReference; lastKnownFileType = sourcecode.swift; path = DemoCredentials.swift; sourceTree = "<group>"; };
		4500564213294AD1B9331022 /* TaskItem.swift */ = {isa = PBXFileReference; lastKnownFileType = sourcecode.swift; path = TaskItem.swift; sourceTree = "<group>"; };
		28AC51E295C642319E96DDC3 /* LoginView.swift */ = {isa = PBXFileReference; lastKnownFileType = sourcecode.swift; path = LoginView.swift; sourceTree = "<group>"; };
		393200EF87314DBAB5C95C95 /* TasksView.swift */ = {isa = PBXFileReference; lastKnownFileType = sourcecode.swift; path = TasksView.swift; sourceTree = "<group>"; };
		8AAC40D9B4B046209D0914FA /* TaskDetailView.swift */ = {isa = PBXFileReference; lastKnownFileType = sourcecode.swift; path = TaskDetailView.swift; sourceTree = "<group>"; };
/* End PBXFileReference section */

/* Begin PBXFrameworksBuildPhase section */
		9B03B1D6AE5E4742AC0606BE /* Frameworks */ = {
			isa = PBXFrameworksBuildPhase;
			buildActionMask = 2147483647;
			files = (
			);
			runOnlyForDeploymentPostprocessing = 0;
		};
/* End PBXFrameworksBuildPhase section */

/* Begin PBXGroup section */
		2A552B87EF4748CEB3D9EAC0 = {
			isa = PBXGroup;
			children = (
				B5BF4EA16B304E3F84DEA3AB /* MoxymindDemoApp */,
				FF7C4C85FC9C4FDA871FE737 /* Products */,
			);
			sourceTree = "<group>";
		};
		B5BF4EA16B304E3F84DEA3AB /* MoxymindDemoApp */ = {
			isa = PBXGroup;
			children = (
				E62DE80888CA42E082465873 /* MoxymindDemoAppApp.swift */,
				E33812E0649F4900AB1ABA4C /* AppTheme.swift */,
				0AB6FF183AB9448E9C96414F /* AppRootView.swift */,
				A59EB1FFDDB3473F88236257 /* DemoCredentials.swift */,
				4500564213294AD1B9331022 /* TaskItem.swift */,
				28AC51E295C642319E96DDC3 /* LoginView.swift */,
				393200EF87314DBAB5C95C95 /* TasksView.swift */,
				8AAC40D9B4B046209D0914FA /* TaskDetailView.swift */,
			);
			path = MoxymindDemoApp;
			sourceTree = "<group>";
		};
		FF7C4C85FC9C4FDA871FE737 /* Products */ = {
			isa = PBXGroup;
			children = (
				4B185A8CFA0649F48C6A1EEB /* MoxymindDemoApp.app */,
			);
			name = Products;
			sourceTree = "<group>";
		};
/* End PBXGroup section */

/* Begin PBXNativeTarget section */
		183F152875484C26B3BE751E /* MoxymindDemoApp */ = {
			isa = PBXNativeTarget;
			buildConfigurationList = 0BCB915F36F44347898C7F3A /* Build configuration list for PBXNativeTarget "MoxymindDemoApp" */;
			buildPhases = (
				3BD9EA3F73794FEAA2418B40 /* Sources */,
				9B03B1D6AE5E4742AC0606BE /* Frameworks */,
				2CFD3A7BDC3241BF87B786B7 /* Resources */,
			);
			buildRules = (
			);
			dependencies = (
			);
			name = MoxymindDemoApp;
			productName = MoxymindDemoApp;
			productReference = 4B185A8CFA0649F48C6A1EEB /* MoxymindDemoApp.app */;
			productType = "com.apple.product-type.application";
		};
/* End PBXNativeTarget section */

/* Begin PBXProject section */
		5BC2E346F477401486C012D9 /* Project object */ = {
			isa = PBXProject;
			attributes = {
				BuildIndependentTargetsInParallel = 1;
				LastSwiftUpdateCheck = 2650;
				LastUpgradeCheck = 2650;
				TargetAttributes = {
					183F152875484C26B3BE751E = {
						CreatedOnToolsVersion = 26.5;
					};
				};
			};
			buildConfigurationList = 330EF63398624C7AAEEC2D54 /* Build configuration list for PBXProject "MoxymindDemoApp" */;
			compatibilityVersion = "Xcode 15.0";
			developmentRegion = en;
			hasScannedForEncodings = 0;
			knownRegions = (
				en,
				Base,
			);
			mainGroup = 2A552B87EF4748CEB3D9EAC0;
			productRefGroup = FF7C4C85FC9C4FDA871FE737 /* Products */;
			projectDirPath = "";
			projectRoot = "";
			targets = (
				183F152875484C26B3BE751E /* MoxymindDemoApp */,
			);
		};
/* End PBXProject section */

/* Begin PBXResourcesBuildPhase section */
		2CFD3A7BDC3241BF87B786B7 /* Resources */ = {
			isa = PBXResourcesBuildPhase;
			buildActionMask = 2147483647;
			files = (
			);
			runOnlyForDeploymentPostprocessing = 0;
		};
/* End PBXResourcesBuildPhase section */

/* Begin PBXSourcesBuildPhase section */
		3BD9EA3F73794FEAA2418B40 /* Sources */ = {
			isa = PBXSourcesBuildPhase;
			buildActionMask = 2147483647;
			files = (
				23C02028CDF24270B1F91BD1 /* MoxymindDemoAppApp.swift in Sources */,
				F46E6F01B362421C982C721D /* AppTheme.swift in Sources */,
				E5113F4B14B94B2BBA0C983D /* AppRootView.swift in Sources */,
				AD5216F1859B4C63B8E2267F /* DemoCredentials.swift in Sources */,
				8303B963560D4CFCB2FC1CAA /* TaskItem.swift in Sources */,
				C6816C128009458B81EEE9B2 /* LoginView.swift in Sources */,
				CE01A2FB0B7342BF9D4083B2 /* TasksView.swift in Sources */,
				A53A68F06D134CEF87647C06 /* TaskDetailView.swift in Sources */,
			);
			runOnlyForDeploymentPostprocessing = 0;
		};
/* End PBXSourcesBuildPhase section */

/* Begin XCBuildConfiguration section */
		E5EC8386E1C342E39EE6D30F /* Debug */ = {
			isa = XCBuildConfiguration;
			buildSettings = {
				ALWAYS_SEARCH_USER_PATHS = NO;
				CLANG_ANALYZER_NONNULL = YES;
				CLANG_ANALYZER_NUMBER_OBJECT_CONVERSION = YES_AGGRESSIVE;
				CLANG_CXX_LANGUAGE_STANDARD = "gnu++20";
				CLANG_ENABLE_MODULES = YES;
				CLANG_ENABLE_OBJC_ARC = YES;
				CLANG_ENABLE_OBJC_WEAK = YES;
				CLANG_WARN_BLOCK_CAPTURE_AUTORELEASING = YES;
				CLANG_WARN_BOOL_CONVERSION = YES;
				CLANG_WARN_COMMA = YES;
				CLANG_WARN_CONSTANT_CONVERSION = YES;
				CLANG_WARN_DEPRECATED_OBJC_IMPLEMENTATIONS = YES;
				CLANG_WARN_DIRECT_OBJC_ISA_USAGE = YES_ERROR;
				CLANG_WARN_DOCUMENTATION_COMMENTS = YES;
				CLANG_WARN_EMPTY_BODY = YES;
				CLANG_WARN_ENUM_CONVERSION = YES;
				CLANG_WARN_INFINITE_RECURSION = YES;
				CLANG_WARN_INT_CONVERSION = YES;
				CLANG_WARN_NON_LITERAL_NULL_CONVERSION = YES;
				CLANG_WARN_OBJC_IMPLICIT_RETAIN_SELF = YES;
				CLANG_WARN_OBJC_LITERAL_CONVERSION = YES;
				CLANG_WARN_OBJC_ROOT_CLASS = YES_ERROR;
				CLANG_WARN_QUOTED_INCLUDE_IN_FRAMEWORK_HEADER = YES;
				CLANG_WARN_RANGE_LOOP_ANALYSIS = YES;
				CLANG_WARN_STRICT_PROTOTYPES = YES;
				CLANG_WARN_SUSPICIOUS_MOVE = YES;
				CLANG_WARN_UNGUARDED_AVAILABILITY = YES_AGGRESSIVE;
				CLANG_WARN_UNREACHABLE_CODE = YES;
				CLANG_WARN__DUPLICATE_METHOD_MATCH = YES;
				COPY_PHASE_STRIP = NO;
				DEBUG_INFORMATION_FORMAT = dwarf;
				ENABLE_STRICT_OBJC_MSGSEND = YES;
				ENABLE_TESTABILITY = YES;
				ENABLE_USER_SCRIPT_SANDBOXING = YES;
				GCC_C_LANGUAGE_STANDARD = gnu17;
				GCC_DYNAMIC_NO_PIC = NO;
				GCC_NO_COMMON_BLOCKS = YES;
				GCC_OPTIMIZATION_LEVEL = 0;
				GCC_PREPROCESSOR_DEFINITIONS = (
					"DEBUG=1",
					"$(inherited)",
				);
				GCC_WARN_64_TO_32_BIT_CONVERSION = YES;
				GCC_WARN_ABOUT_RETURN_TYPE = YES_ERROR;
				GCC_WARN_UNDECLARED_SELECTOR = YES;
				GCC_WARN_UNINITIALIZED_AUTOS = YES_AGGRESSIVE;
				GCC_WARN_UNUSED_FUNCTION = YES;
				GCC_WARN_UNUSED_VARIABLE = YES;
				IPHONEOS_DEPLOYMENT_TARGET = 17.0;
				LOCALIZATION_PREFERS_STRING_CATALOGS = YES;
				MTL_ENABLE_DEBUG_INFO = INCLUDE_SOURCE;
				MTL_FAST_MATH = YES;
				ONLY_ACTIVE_ARCH = YES;
				SDKROOT = iphoneos;
				SWIFT_ACTIVE_COMPILATION_CONDITIONS = DEBUG;
				SWIFT_OPTIMIZATION_LEVEL = "-Onone";
			};
			name = Debug;
		};
		BCD32DF6C75D486B9C3247E9 /* Release */ = {
			isa = XCBuildConfiguration;
			buildSettings = {
				ALWAYS_SEARCH_USER_PATHS = NO;
				CLANG_ANALYZER_NONNULL = YES;
				CLANG_ANALYZER_NUMBER_OBJECT_CONVERSION = YES_AGGRESSIVE;
				CLANG_CXX_LANGUAGE_STANDARD = "gnu++20";
				CLANG_ENABLE_MODULES = YES;
				CLANG_ENABLE_OBJC_ARC = YES;
				CLANG_ENABLE_OBJC_WEAK = YES;
				CLANG_WARN_BLOCK_CAPTURE_AUTORELEASING = YES;
				CLANG_WARN_BOOL_CONVERSION = YES;
				CLANG_WARN_COMMA = YES;
				CLANG_WARN_CONSTANT_CONVERSION = YES;
				CLANG_WARN_DEPRECATED_OBJC_IMPLEMENTATIONS = YES;
				CLANG_WARN_DIRECT_OBJC_ISA_USAGE = YES_ERROR;
				CLANG_WARN_DOCUMENTATION_COMMENTS = YES;
				CLANG_WARN_EMPTY_BODY = YES;
				CLANG_WARN_ENUM_CONVERSION = YES;
				CLANG_WARN_INFINITE_RECURSION = YES;
				CLANG_WARN_INT_CONVERSION = YES;
				CLANG_WARN_NON_LITERAL_NULL_CONVERSION = YES;
				CLANG_WARN_OBJC_IMPLICIT_RETAIN_SELF = YES;
				CLANG_WARN_OBJC_LITERAL_CONVERSION = YES;
				CLANG_WARN_OBJC_ROOT_CLASS = YES_ERROR;
				CLANG_WARN_QUOTED_INCLUDE_IN_FRAMEWORK_HEADER = YES;
				CLANG_WARN_RANGE_LOOP_ANALYSIS = YES;
				CLANG_WARN_STRICT_PROTOTYPES = YES;
				CLANG_WARN_SUSPICIOUS_MOVE = YES;
				CLANG_WARN_UNGUARDED_AVAILABILITY = YES_AGGRESSIVE;
				CLANG_WARN_UNREACHABLE_CODE = YES;
				CLANG_WARN__DUPLICATE_METHOD_MATCH = YES;
				COPY_PHASE_STRIP = NO;
				DEBUG_INFORMATION_FORMAT = "dwarf-with-dsym";
				ENABLE_NS_ASSERTIONS = NO;
				ENABLE_STRICT_OBJC_MSGSEND = YES;
				ENABLE_USER_SCRIPT_SANDBOXING = YES;
				GCC_C_LANGUAGE_STANDARD = gnu17;
				GCC_NO_COMMON_BLOCKS = YES;
				GCC_WARN_64_TO_32_BIT_CONVERSION = YES;
				GCC_WARN_ABOUT_RETURN_TYPE = YES_ERROR;
				GCC_WARN_UNDECLARED_SELECTOR = YES;
				GCC_WARN_UNINITIALIZED_AUTOS = YES_AGGRESSIVE;
				GCC_WARN_UNUSED_FUNCTION = YES;
				GCC_WARN_UNUSED_VARIABLE = YES;
				IPHONEOS_DEPLOYMENT_TARGET = 17.0;
				LOCALIZATION_PREFERS_STRING_CATALOGS = YES;
				MTL_ENABLE_DEBUG_INFO = NO;
				MTL_FAST_MATH = YES;
				SDKROOT = iphoneos;
				SWIFT_COMPILATION_MODE = wholemodule;
				VALIDATE_PRODUCT = YES;
			};
			name = Release;
		};
		B391E34FC2CD4A1580FDA3F7 /* Debug */ = {
			isa = XCBuildConfiguration;
			buildSettings = {
				CODE_SIGN_STYLE = Automatic;
				CURRENT_PROJECT_VERSION = 1;
				DEVELOPMENT_ASSET_PATHS = "";
				ENABLE_PREVIEWS = YES;
				GENERATE_INFOPLIST_FILE = YES;
				INFOPLIST_KEY_CFBundleDisplayName = MoxymindDemoApp;
				INFOPLIST_KEY_UIApplicationSceneManifest_Generation = YES;
				INFOPLIST_KEY_UIApplicationSupportsIndirectInputEvents = YES;
				INFOPLIST_KEY_UILaunchScreen_Generation = YES;
				INFOPLIST_KEY_UISupportedInterfaceOrientations_iPhone = "UIInterfaceOrientationPortrait UIInterfaceOrientationLandscapeLeft UIInterfaceOrientationLandscapeRight";
				IPHONEOS_DEPLOYMENT_TARGET = 17.0;
				LD_RUNPATH_SEARCH_PATHS = (
					"$(inherited)",
					"@executable_path/Frameworks",
				);
				MARKETING_VERSION = 1.0;
				PRODUCT_BUNDLE_IDENTIFIER = com.example.MoxymindDemoApp;
				PRODUCT_NAME = "$(TARGET_NAME)";
				SUPPORTED_PLATFORMS = "iphoneos iphonesimulator";
				SUPPORTS_MACCATALYST = NO;
				SUPPORTS_MAC_DESIGNED_FOR_IPHONE_IPAD = NO;
				SWIFT_EMIT_LOC_STRINGS = YES;
				SWIFT_VERSION = 6.0;
				TARGETED_DEVICE_FAMILY = 1;
			};
			name = Debug;
		};
		75EFB5F7877348CCB3DEC246 /* Release */ = {
			isa = XCBuildConfiguration;
			buildSettings = {
				CODE_SIGN_STYLE = Automatic;
				CURRENT_PROJECT_VERSION = 1;
				DEVELOPMENT_ASSET_PATHS = "";
				ENABLE_PREVIEWS = YES;
				GENERATE_INFOPLIST_FILE = YES;
				INFOPLIST_KEY_CFBundleDisplayName = MoxymindDemoApp;
				INFOPLIST_KEY_UIApplicationSceneManifest_Generation = YES;
				INFOPLIST_KEY_UIApplicationSupportsIndirectInputEvents = YES;
				INFOPLIST_KEY_UILaunchScreen_Generation = YES;
				INFOPLIST_KEY_UISupportedInterfaceOrientations_iPhone = "UIInterfaceOrientationPortrait UIInterfaceOrientationLandscapeLeft UIInterfaceOrientationLandscapeRight";
				IPHONEOS_DEPLOYMENT_TARGET = 17.0;
				LD_RUNPATH_SEARCH_PATHS = (
					"$(inherited)",
					"@executable_path/Frameworks",
				);
				MARKETING_VERSION = 1.0;
				PRODUCT_BUNDLE_IDENTIFIER = com.example.MoxymindDemoApp;
				PRODUCT_NAME = "$(TARGET_NAME)";
				SUPPORTED_PLATFORMS = "iphoneos iphonesimulator";
				SUPPORTS_MACCATALYST = NO;
				SUPPORTS_MAC_DESIGNED_FOR_IPHONE_IPAD = NO;
				SWIFT_EMIT_LOC_STRINGS = YES;
				SWIFT_VERSION = 6.0;
				TARGETED_DEVICE_FAMILY = 1;
			};
			name = Release;
		};
/* End XCBuildConfiguration section */

/* Begin XCConfigurationList section */
		330EF63398624C7AAEEC2D54 /* Build configuration list for PBXProject "MoxymindDemoApp" */ = {
			isa = XCConfigurationList;
			buildConfigurations = (
				E5EC8386E1C342E39EE6D30F /* Debug */,
				BCD32DF6C75D486B9C3247E9 /* Release */,
			);
			defaultConfigurationIsVisible = 0;
			defaultConfigurationName = Release;
		};
		0BCB915F36F44347898C7F3A /* Build configuration list for PBXNativeTarget "MoxymindDemoApp" */ = {
			isa = XCConfigurationList;
			buildConfigurations = (
				B391E34FC2CD4A1580FDA3F7 /* Debug */,
				75EFB5F7877348CCB3DEC246 /* Release */,
			);
			defaultConfigurationIsVisible = 0;
			defaultConfigurationName = Release;
		};
/* End XCConfigurationList section */
	};
	rootObject = 5BC2E346F477401486C012D9 /* Project object */;
}
